
Microsoft Visual Studio Solution File, Format Version 12.00
# Visual Studio Version 16
VisualStudioVersion = 16.0.30413.136
MinimumVisualStudioVersion = 10.0.40219.1
Project("{9A19103F-16F7-4668-BE54-9A1E7A4F7556}") = "Initiation.Server", "Initiation\Server\Initiation.Server.csproj", "{A752F330-34A7-4092-9768-5E95588C7F50}"
EndProject
Project("{9A19103F-16F7-4668-BE54-9A1E7A4F7556}") = "Initiation.Client", "Initiation\Client\Initiation.Client.csproj", "{BC05C375-4C9E-45D9-8987-E8BC26A5530D}"
EndProject
Project("{9A19103F-16F7-4668-BE54-9A1E7A4F7556}") = "Initiation.Shared", "Initiation\Shared\Initiation.Shared.csproj", "{87E4C65B-07A7-4CB1-91AF-88B93556D6DA}"
EndProject
Global
	GlobalSection(SolutionConfigurationPlatforms) = preSolution
		Debug|Any CPU = Debug|Any CPU
		Release|Any CPU = Release|Any CPU
	EndGlobalSection
	GlobalSection(ProjectConfigurationPlatforms) = postSolution
		{A752F330-34A7-4092-9768-5E95588C7F50}.Debug|Any CPU.ActiveCfg = Debug|Any CPU
		{A752F330-34A7-4092-9768-5E95588C7F50}.Debug|Any CPU.Build.0 = Debug|Any CPU
		{A752F330-34A7-4092-9768-5E95588C7F50}.Release|Any CPU.ActiveCfg = Release|Any CPU
		{A752F330-34A7-4092-9768-5E95588C7F50}.Release|Any CPU.Build.0 = Release|Any CPU
		{BC05C375-4C9E-45D9-8987-E8BC26A5530D}.Debug|Any CPU.ActiveCfg = Debug|Any CPU
		{BC05C375-4C9E-45D9-8987-E8BC26A5530D}.Debug|Any CPU.Build.0 = Debug|Any CPU
		{BC05C375-4C9E-45D9-8987-E8BC26A5530D}.Release|Any CPU.ActiveCfg = Release|Any CPU
		{BC05C375-4C9E-45D9-8987-E8BC26A5530D}.Release|Any CPU.Build.0 = Release|Any CPU
		{87E4C65B-07A7-4CB1-91AF-88B93556D6DA}.Debug|Any CPU.ActiveCfg = Debug|Any CPU
		{87E4C65B-07A7-4CB1-91AF-88B93556D6DA}.Debug|Any CPU.Build.0 = Debug|Any CPU
		{87E4C65B-07A7-4CB1-91AF-88B93556D6DA}.Release|Any CPU.ActiveCfg = Release|Any CPU
		{87E4C65B-07A7-4CB1-91AF-88B93556D6DA}.Release|Any CPU.Build.0 = Release|Any CPU
	EndGlobalSection
	GlobalSection(SolutionProperties) = preSolution
		HideSolutionNode = FALSE
	EndGlobalSection
	GlobalSection(ExtensibilityGlobals) = postSolution
		SolutionGuid = {6FADE954-867C-4C6A-AAFF-6A814A681EAE}
	EndGlobalSection
EndGlobal
